
Microsoft Visual Studio Solution File, Format Version 12.00
# Visual Studio 15
Project("{FAE04EC0-301F-11D3-BF4B-00C04F79EFBC}") = "UnityEngine.TestRunner", "UnityEngine.TestRunner.csproj", "{B37AE3D2-215E-3509-23A6-897BB6474F0C}"
EndProject
Project("{FAE04EC0-301F-11D3-BF4B-00C04F79EFBC}") = "UnityEngine.UI", "UnityEngine.UI.csproj", "{16E8F478-0501-0F4C-1443-417AC10DBE8D}"
EndProject
Project("{FAE04EC0-301F-11D3-BF4B-00C04F79EFBC}") = "Unity.VisualScripting.Flow", "Unity.VisualScripting.Flow.csproj", "{FD562908-2EB0-DEE2-9141-4C72F3CA02D1}"
EndProject
Project("{FAE04EC0-301F-11D3-BF4B-00C04F79EFBC}") = "Unity.InputSystem", "Unity.InputSystem.csproj", "{23C60DEF-7D5D-92B1-C309-080F363B9FB8}"
EndProject
Project("{FAE04EC0-301F-11D3-BF4B-00C04F79EFBC}") = "Unity.VisualScripting.State", "Unity.VisualScripting.State.csproj", "{9CB884BE-AFA9-0E6A-8B3A-9FF248FAE970}"
EndProject
Project("{FAE04EC0-301F-11D3-BF4B-00C04F79EFBC}") = "Unity.VisualScripting.Core", "Unity.VisualScripting.Core.csproj", "{F9064429-EFFC-C613-70C4-07566EF4374D}"
EndProject
Project("{FAE04EC0-301F-11D3-BF4B-00C04F79EFBC}") = "Assembly-CSharp", "Assembly-CSharp.csproj", "{5690C17A-9A5D-0F4C-3468-29BD6F1E7BDC}"
EndProject
Project("{FAE04EC0-301F-11D3-BF4B-00C04F79EFBC}") = "Unity.TextMeshPro", "Unity.TextMeshPro.csproj", "{10E60630-E859-40C6-2930-FF4A95D926D2}"
EndProject
Project("{FAE04EC0-301F-11D3-BF4B-00C04F79EFBC}") = "Unity.Timeline", "Unity.Timeline.csproj", "{5BB05BAD-E293-64C2-835B-A27A032A1757}"
EndProject
Project("{FAE04EC0-301F-11D3-BF4B-00C04F79EFBC}") = "Unity.InputSystem.TestFramework", "Unity.InputSystem.TestFramework.csproj", "{6F9E5C65-3EE6-1DDC-709F-5422C44B378F}"
EndProject
Project("{FAE04EC0-301F-11D3-BF4B-00C04F79EFBC}") = "Unity.PlasticSCM.Editor", "Unity.PlasticSCM.Editor.csproj", "{D97A479F-595F-D48B-CA09-8F81516DEC8A}"
EndProject
Project("{FAE04EC0-301F-11D3-BF4B-00C04F79EFBC}") = "Unity.VisualScripting.Core.Editor", "Unity.VisualScripting.Core.Editor.csproj", "{D35B5B8B-DCC8-0428-0F68-E2EE5679E16E}"
EndProject
Project("{FAE04EC0-301F-11D3-BF4B-00C04F79EFBC}") = "Unity.VisualScripting.Flow.Editor", "Unity.VisualScripting.Flow.Editor.csproj", "{E48CDC38-EB5D-B3F3-17DB-8CAEADAF1A38}"
EndProject
Project("{FAE04EC0-301F-11D3-BF4B-00C04F79EFBC}") = "Unity.VisualStudio.Editor", "Unity.VisualStudio.Editor.csproj", "{9C12D76F-DCB2-622A-E94E-051D73C47693}"
EndProject
Project("{FAE04EC0-301F-11D3-BF4B-00C04F79EFBC}") = "Unity.Timeline.Editor", "Unity.Timeline.Editor.csproj", "{19754D54-843B-DA21-0D57-3DDD2F380751}"
EndProject
Project("{FAE04EC0-301F-11D3-BF4B-00C04F79EFBC}") = "Unity.VisualScripting.State.Editor", "Unity.VisualScripting.State.Editor.csproj", "{1F7008FB-DE13-64D3-859F-8E637A304857}"
EndProject
Project("{FAE04EC0-301F-11D3-BF4B-00C04F79EFBC}") = "Unity.TextMeshPro.Editor", "Unity.TextMeshPro.Editor.csproj", "{97233BE2-0603-F19F-C9D5-CF5A28ADA1E7}"
EndProject
Project("{FAE04EC0-301F-11D3-BF4B-00C04F79EFBC}") = "Unity.VisualScripting.SettingsProvider.Editor", "Unity.VisualScripting.SettingsProvider.Editor.csproj", "{8E3A996A-6808-A53D-AC5C-ACC587F8C98F}"
EndProject
Project("{FAE04EC0-301F-11D3-BF4B-00C04F79EFBC}") = "UnityEditor.TestRunner", "UnityEditor.TestRunner.csproj", "{10684728-39AE-2BCA-8267-BA098B7AF6D6}"
EndProject
Project("{FAE04EC0-301F-11D3-BF4B-00C04F79EFBC}") = "Unity.TestTools.CodeCoverage.Editor", "Unity.TestTools.CodeCoverage.Editor.csproj", "{D9C35A8C-FB31-3A1E-4AC2-7C7EE5CDC711}"
EndProject
Project("{FAE04EC0-301F-11D3-BF4B-00C04F79EFBC}") = "Unity.Rider.Editor", "Unity.Rider.Editor.csproj", "{4040C166-EA01-BEA8-0246-A4D1CA3D3B2C}"
EndProject
Project("{FAE04EC0-301F-11D3-BF4B-00C04F79EFBC}") = "Unity.Performance.Profile-Analyzer.Editor", "Unity.Performance.Profile-Analyzer.Editor.csproj", "{09BD9469-B422-3834-3956-8B871801B118}"
EndProject
Project("{FAE04EC0-301F-11D3-BF4B-00C04F79EFBC}") = "Unity.VSCode.Editor", "Unity.VSCode.Editor.csproj", "{D3CF10B8-9790-B10E-0BA1-0B5AEB5217F3}"
EndProject
Project("{FAE04EC0-301F-11D3-BF4B-00C04F79EFBC}") = "UnityEditor.UI", "UnityEditor.UI.csproj", "{835E3AF0-7E1B-B8B5-55FC-1C7FCCC65135}"
EndProject
Project("{FAE04EC0-301F-11D3-BF4B-00C04F79EFBC}") = "Unity.TestTools.CodeCoverage.Editor.OpenCover.Model", "Unity.TestTools.CodeCoverage.Editor.OpenCover.Model.csproj", "{2542DAA7-DF8B-42B4-DE7A-CD56A37D9EBA}"
EndProject
Project("{FAE04EC0-301F-11D3-BF4B-00C04F79EFBC}") = "Unity.EditorCoroutines.Editor", "Unity.EditorCoroutines.Editor.csproj", "{68FE4495-BF78-926B-0924-D473B5FB4FE0}"
EndProject
Project("{FAE04EC0-301F-11D3-BF4B-00C04F79EFBC}") = "Unity.Settings.Editor", "Unity.Settings.Editor.csproj", "{9DDCF826-2E2A-63B2-C041-E4F314032365}"
EndProject
Project("{FAE04EC0-301F-11D3-BF4B-00C04F79EFBC}") = "Unity.CollabProxy.Editor", "Unity.CollabProxy.Editor.csproj", "{724936BF-8C69-7C33-5669-F15B5B4F1587}"
EndProject
Project("{FAE04EC0-301F-11D3-BF4B-00C04F79EFBC}") = "Unity.TestTools.CodeCoverage.Editor.OpenCover.Mono.Reflection", "Unity.TestTools.CodeCoverage.Editor.OpenCover.Mono.Reflection.csproj", "{3D784DC0-E506-3434-D382-EE0016CC651A}"
EndProject
Project("{FAE04EC0-301F-11D3-BF4B-00C04F79EFBC}") = "Unity.VisualScripting.Shared.Editor", "Unity.VisualScripting.Shared.Editor.csproj", "{64BF531C-695A-919D-BACF-E287C8891015}"
EndProject
Global
	GlobalSection(SolutionConfigurationPlatforms) = preSolution
		Debug|Any CPU = Debug|Any CPU
		Release|Any CPU = Release|Any CPU
	EndGlobalSection
	GlobalSection(ProjectConfigurationPlatforms) = postSolution
		{B37AE3D2-215E-3509-23A6-897BB6474F0C}.Debug|Any CPU.ActiveCfg = Debug|Any CPU
		{B37AE3D2-215E-3509-23A6-897BB6474F0C}.Debug|Any CPU.Build.0 = Debug|Any CPU
		{B37AE3D2-215E-3509-23A6-897BB6474F0C}.Release|Any CPU.ActiveCfg = Release|Any CPU
		{B37AE3D2-215E-3509-23A6-897BB6474F0C}.Release|Any CPU.Build.0 = Release|Any CPU
		{16E8F478-0501-0F4C-1443-417AC10DBE8D}.Debug|Any CPU.ActiveCfg = Debug|Any CPU
		{16E8F478-0501-0F4C-1443-417AC10DBE8D}.Debug|Any CPU.Build.0 = Debug|Any CPU
		{16E8F478-0501-0F4C-1443-417AC10DBE8D}.Release|Any CPU.ActiveCfg = Release|Any CPU
		{16E8F478-0501-0F4C-1443-417AC10DBE8D}.Release|Any CPU.Build.0 = Release|Any CPU
		{FD562908-2EB0-DEE2-9141-4C72F3CA02D1}.Debug|Any CPU.ActiveCfg = Debug|Any CPU
		{FD562908-2EB0-DEE2-9141-4C72F3CA02D1}.Debug|Any CPU.Build.0 = Debug|Any CPU
		{FD562908-2EB0-DEE2-9141-4C72F3CA02D1}.Release|Any CPU.ActiveCfg = Release|Any CPU
		{FD562908-2EB0-DEE2-9141-4C72F3CA02D1}.Release|Any CPU.Build.0 = Release|Any CPU
		{23C60DEF-7D5D-92B1-C309-080F363B9FB8}.Debug|Any CPU.ActiveCfg = Debug|Any CPU
		{23C60DEF-7D5D-92B1-C309-080F363B9FB8}.Debug|Any CPU.Build.0 = Debug|Any CPU
		{23C60DEF-7D5D-92B1-C309-080F363B9FB8}.Release|Any CPU.ActiveCfg = Release|Any CPU
		{23C60DEF-7D5D-92B1-C309-080F363B9FB8}.Release|Any CPU.Build.0 = Release|Any CPU
		{9CB884BE-AFA9-0E6A-8B3A-9FF248FAE970}.Debug|Any CPU.ActiveCfg = Debug|Any CPU
		{9CB884BE-AFA9-0E6A-8B3A-9FF248FAE970}.Debug|Any CPU.Build.0 = Debug|Any CPU
		{9CB884BE-AFA9-0E6A-8B3A-9FF248FAE970}.Release|Any CPU.ActiveCfg = Release|Any CPU
		{9CB884BE-AFA9-0E6A-8B3A-9FF248FAE970}.Release|Any CPU.Build.0 = Release|Any CPU
		{F9064429-EFFC-C613-70C4-07566EF4374D}.Debug|Any CPU.ActiveCfg = Debug|Any CPU
		{F9064429-EFFC-C613-70C4-07566EF4374D}.Debug|Any CPU.Build.0 = Debug|Any CPU
		{F9064429-EFFC-C613-70C4-07566EF4374D}.Release|Any CPU.ActiveCfg = Release|Any CPU
		{F9064429-EFFC-C613-70C4-07566EF4374D}.Release|Any CPU.Build.0 = Release|Any CPU
		{5690C17A-9A5D-0F4C-3468-29BD6F1E7BDC}.Debug|Any CPU.ActiveCfg = Debug|Any CPU
		{5690C17A-9A5D-0F4C-3468-29BD6F1E7BDC}.Debug|Any CPU.Build.0 = Debug|Any CPU
		{5690C17A-9A5D-0F4C-3468-29BD6F1E7BDC}.Release|Any CPU.ActiveCfg = Release|Any CPU
		{5690C17A-9A5D-0F4C-3468-29BD6F1E7BDC}.Release|Any CPU.Build.0 = Release|Any CPU
		{10E60630-E859-40C6-2930-FF4A95D926D2}.Debug|Any CPU.ActiveCfg = Debug|Any CPU
		{10E60630-E859-40C6-2930-FF4A95D926D2}.Debug|Any CPU.Build.0 = Debug|Any CPU
		{10E60630-E859-40C6-2930-FF4A95D926D2}.Release|Any CPU.ActiveCfg = Release|Any CPU
		{10E60630-E859-40C6-2930-FF4A95D926D2}.Release|Any CPU.Build.0 = Release|Any CPU
		{5BB05BAD-E293-64C2-835B-A27A032A1757}.Debug|Any CPU.ActiveCfg = Debug|Any CPU
		{5BB05BAD-E293-64C2-835B-A27A032A1757}.Debug|Any CPU.Build.0 = Debug|Any CPU
		{5BB05BAD-E293-64C2-835B-A27A032A1757}.Release|Any CPU.ActiveCfg = Release|Any CPU
		{5BB05BAD-E293-64C2-835B-A27A032A1757}.Release|Any CPU.Build.0 = Release|Any CPU
		{6F9E5C65-3EE6-1DDC-709F-5422C44B378F}.Debug|Any CPU.ActiveCfg = Debug|Any CPU
		{6F9E5C65-3EE6-1DDC-709F-5422C44B378F}.Debug|Any CPU.Build.0 = Debug|Any CPU
		{6F9E5C65-3EE6-1DDC-709F-5422C44B378F}.Release|Any CPU.ActiveCfg = Release|Any CPU
		{6F9E5C65-3EE6-1DDC-709F-5422C44B378F}.Release|Any CPU.Build.0 = Release|Any CPU
		{D97A479F-595F-D48B-CA09-8F81516DEC8A}.Debug|Any CPU.ActiveCfg = Debug|Any CPU
		{D97A479F-595F-D48B-CA09-8F81516DEC8A}.Debug|Any CPU.Build.0 = Debug|Any CPU
		{D97A479F-595F-D48B-CA09-8F81516DEC8A}.Release|Any CPU.ActiveCfg = Release|Any CPU
		{D97A479F-595F-D48B-CA09-8F81516DEC8A}.Release|Any CPU.Build.0 = Release|Any CPU
		{D35B5B8B-DCC8-0428-0F68-E2EE5679E16E}.Debug|Any CPU.ActiveCfg = Debug|Any CPU
		{D35B5B8B-DCC8-0428-0F68-E2EE5679E16E}.Debug|Any CPU.Build.0 = Debug|Any CPU
		{D35B5B8B-DCC8-0428-0F68-E2EE5679E16E}.Release|Any CPU.ActiveCfg = Release|Any CPU
		{D35B5B8B-DCC8-0428-0F68-E2EE5679E16E}.Release|Any CPU.Build.0 = Release|Any CPU
		{E48CDC38-EB5D-B3F3-17DB-8CAEADAF1A38}.Debug|Any CPU.ActiveCfg = Debug|Any CPU
		{E48CDC38-EB5D-B3F3-17DB-8CAEADAF1A38}.Debug|Any CPU.Build.0 = Debug|Any CPU
		{E48CDC38-EB5D-B3F3-17DB-8CAEADAF1A38}.Release|Any CPU.ActiveCfg = Release|Any CPU
		{E48CDC38-EB5D-B3F3-17DB-8CAEADAF1A38}.Release|Any CPU.Build.0 = Release|Any CPU
		{9C12D76F-DCB2-622A-E94E-051D73C47693}.Debug|Any CPU.ActiveCfg = Debug|Any CPU
		{9C12D76F-DCB2-622A-E94E-051D73C47693}.Debug|Any CPU.Build.0 = Debug|Any CPU
		{9C12D76F-DCB2-622A-E94E-051D73C47693}.Release|Any CPU.ActiveCfg = Release|Any CPU
		{9C12D76F-DCB2-622A-E94E-051D73C47693}.Release|Any CPU.Build.0 = Release|Any CPU
		{19754D54-843B-DA21-0D57-3DDD2F380751}.Debug|Any CPU.ActiveCfg = Debug|Any CPU
		{19754D54-843B-DA21-0D57-3DDD2F380751}.Debug|Any CPU.Build.0 = Debug|Any CPU
		{19754D54-843B-DA21-0D57-3DDD2F380751}.Release|Any CPU.ActiveCfg = Release|Any CPU
		{19754D54-843B-DA21-0D57-3DDD2F380751}.Release|Any CPU.Build.0 = Release|Any CPU
		{1F7008FB-DE13-64D3-859F-8E637A304857}.Debug|Any CPU.ActiveCfg = Debug|Any CPU
		{1F7008FB-DE13-64D3-859F-8E637A304857}.Debug|Any CPU.Build.0 = Debug|Any CPU
		{1F7008FB-DE13-64D3-859F-8E637A304857}.Release|Any CPU.ActiveCfg = Release|Any CPU
		{1F7008FB-DE13-64D3-859F-8E637A304857}.Release|Any CPU.Build.0 = Release|Any CPU
		{97233BE2-0603-F19F-C9D5-CF5A28ADA1E7}.Debug|Any CPU.ActiveCfg = Debug|Any CPU
		{97233BE2-0603-F19F-C9D5-CF5A28ADA1E7}.Debug|Any CPU.Build.0 = Debug|Any CPU
		{97233BE2-0603-F19F-C9D5-CF5A28ADA1E7}.Release|Any CPU.ActiveCfg = Release|Any CPU
		{97233BE2-0603-F19F-C9D5-CF5A28ADA1E7}.Release|Any CPU.Build.0 = Release|Any CPU
		{8E3A996A-6808-A53D-AC5C-ACC587F8C98F}.Debug|Any CPU.ActiveCfg = Debug|Any CPU
		{8E3A996A-6808-A53D-AC5C-ACC587F8C98F}.Debug|Any CPU.Build.0 = Debug|Any CPU
		{8E3A996A-6808-A53D-AC5C-ACC587F8C98F}.Release|Any CPU.ActiveCfg = Release|Any CPU
		{8E3A996A-6808-A53D-AC5C-ACC587F8C98F}.Release|Any CPU.Build.0 = Release|Any CPU
		{10684728-39AE-2BCA-8267-BA098B7AF6D6}.Debug|Any CPU.ActiveCfg = Debug|Any CPU
		{10684728-39AE-2BCA-8267-BA098B7AF6D6}.Debug|Any CPU.Build.0 = Debug|Any CPU
		{10684728-39AE-2BCA-8267-BA098B7AF6D6}.Release|Any CPU.ActiveCfg = Release|Any CPU
		{10684728-39AE-2BCA-8267-BA098B7AF6D6}.Release|Any CPU.Build.0 = Release|Any CPU
		{D9C35A8C-FB31-3A1E-4AC2-7C7EE5CDC711}.Debug|Any CPU.ActiveCfg = Debug|Any CPU
		{D9C35A8C-FB31-3A1E-4AC2-7C7EE5CDC711}.Debug|Any CPU.Build.0 = Debug|Any CPU
		{D9C35A8C-FB31-3A1E-4AC2-7C7EE5CDC711}.Release|Any CPU.ActiveCfg = Release|Any CPU
		{D9C35A8C-FB31-3A1E-4AC2-7C7EE5CDC711}.Release|Any CPU.Build.0 = Release|Any CPU
		{4040C166-EA01-BEA8-0246-A4D1CA3D3B2C}.Debug|Any CPU.ActiveCfg = Debug|Any CPU
		{4040C166-EA01-BEA8-0246-A4D1CA3D3B2C}.Debug|Any CPU.Build.0 = Debug|Any CPU
		{4040C166-EA01-BEA8-0246-A4D1CA3D3B2C}.Release|Any CPU.ActiveCfg = Release|Any CPU
		{4040C166-EA01-BEA8-0246-A4D1CA3D3B2C}.Release|Any CPU.Build.0 = Release|Any CPU
		{09BD9469-B422-3834-3956-8B871801B118}.Debug|Any CPU.ActiveCfg = Debug|Any CPU
		{09BD9469-B422-3834-3956-8B871801B118}.Debug|Any CPU.Build.0 = Debug|Any CPU
		{09BD9469-B422-3834-3956-8B871801B118}.Release|Any CPU.ActiveCfg = Release|Any CPU
		{09BD9469-B422-3834-3956-8B871801B118}.Release|Any CPU.Build.0 = Release|Any CPU
		{D3CF10B8-9790-B10E-0BA1-0B5AEB5217F3}.Debug|Any CPU.ActiveCfg = Debug|Any CPU
		{D3CF10B8-9790-B10E-0BA1-0B5AEB5217F3}.Debug|Any CPU.Build.0 = Debug|Any CPU
		{D3CF10B8-9790-B10E-0BA1-0B5AEB5217F3}.Release|Any CPU.ActiveCfg = Release|Any CPU
		{D3CF10B8-9790-B10E-0BA1-0B5AEB5217F3}.Release|Any CPU.Build.0 = Release|Any CPU
		{835E3AF0-7E1B-B8B5-55FC-1C7FCCC65135}.Debug|Any CPU.ActiveCfg = Debug|Any CPU
		{835E3AF0-7E1B-B8B5-55FC-1C7FCCC65135}.Debug|Any CPU.Build.0 = Debug|Any CPU
		{835E3AF0-7E1B-B8B5-55FC-1C7FCCC65135}.Release|Any CPU.ActiveCfg = Release|Any CPU
		{835E3AF0-7E1B-B8B5-55FC-1C7FCCC65135}.Release|Any CPU.Build.0 = Release|Any CPU
		{2542DAA7-DF8B-42B4-DE7A-CD56A37D9EBA}.Debug|Any CPU.ActiveCfg = Debug|Any CPU
		{2542DAA7-DF8B-42B4-DE7A-CD56A37D9EBA}.Debug|Any CPU.Build.0 = Debug|Any CPU
		{2542DAA7-DF8B-42B4-DE7A-CD56A37D9EBA}.Release|Any CPU.ActiveCfg = Release|Any CPU
		{2542DAA7-DF8B-42B4-DE7A-CD56A37D9EBA}.Release|Any CPU.Build.0 = Release|Any CPU
		{68FE4495-BF78-926B-0924-D473B5FB4FE0}.Debug|Any CPU.ActiveCfg = Debug|Any CPU
		{68FE4495-BF78-926B-0924-D473B5FB4FE0}.Debug|Any CPU.Build.0 = Debug|Any CPU
		{68FE4495-BF78-926B-0924-D473B5FB4FE0}.Release|Any CPU.ActiveCfg = Release|Any CPU
		{68FE4495-BF78-926B-0924-D473B5FB4FE0}.Release|Any CPU.Build.0 = Release|Any CPU
		{9DDCF826-2E2A-63B2-C041-E4F314032365}.Debug|Any CPU.ActiveCfg = Debug|Any CPU
		{9DDCF826-2E2A-63B2-C041-E4F314032365}.Debug|Any CPU.Build.0 = Debug|Any CPU
		{9DDCF826-2E2A-63B2-C041-E4F314032365}.Release|Any CPU.ActiveCfg = Release|Any CPU
		{9DDCF826-2E2A-63B2-C041-E4F314032365}.Release|Any CPU.Build.0 = Release|Any CPU
		{724936BF-8C69-7C33-5669-F15B5B4F1587}.Debug|Any CPU.ActiveCfg = Debug|Any CPU
		{724936BF-8C69-7C33-5669-F15B5B4F1587}.Debug|Any CPU.Build.0 = Debug|Any CPU
		{724936BF-8C69-7C33-5669-F15B5B4F1587}.Release|Any CPU.ActiveCfg = Release|Any CPU
		{724936BF-8C69-7C33-5669-F15B5B4F1587}.Release|Any CPU.Build.0 = Release|Any CPU
		{3D784DC0-E506-3434-D382-EE0016CC651A}.Debug|Any CPU.ActiveCfg = Debug|Any CPU
		{3D784DC0-E506-3434-D382-EE0016CC651A}.Debug|Any CPU.Build.0 = Debug|Any CPU
		{3D784DC0-E506-3434-D382-EE0016CC651A}.Release|Any CPU.ActiveCfg = Release|Any CPU
		{3D784DC0-E506-3434-D382-EE0016CC651A}.Release|Any CPU.Build.0 = Release|Any CPU
		{64BF531C-695A-919D-BACF-E287C8891015}.Debug|Any CPU.ActiveCfg = Debug|Any CPU
		{64BF531C-695A-919D-BACF-E287C8891015}.Debug|Any CPU.Build.0 = Debug|Any CPU
		{64BF531C-695A-919D-BACF-E287C8891015}.Release|Any CPU.ActiveCfg = Release|Any CPU
		{64BF531C-695A-919D-BACF-E287C8891015}.Release|Any CPU.Build.0 = Release|Any CPU
	EndGlobalSection
	GlobalSection(SolutionProperties) = preSolution
		HideSolutionNode = FALSE
	EndGlobalSection
EndGlobal
